<Solution>
  <Project Path="ESeason/ESeason.csproj" Id="899ff21f-b15e-4389-9428-bf26ca209952" />
  <Project Path="firstSeason/ASeason.csproj" />
  <Project Path="fourthly/DSeason.csproj" Id="ebdafe6c-4e6e-40ff-b626-34d5cd065b40" />
  <Project Path="secondSeason/BSeason.csproj" Id="591d149c-f08e-4f60-87e4-8330da3ef882" />
  <Project Path="thirdlySeasonTankBattle/CSeasonTankBattle.csproj" Id="b53c6939-609b-42d2-ab69-8b13dea38bba" />
</Solution>
